// !$*UTF8*$!
{
	archiveVersion = 1;
	classes = {
	};
	objectVersion = 46;
	objects = {

/* Begin PBXBuildFile section */
		006D720419952D00008149E2 /* AVFoundation.framework in Frameworks */ = {isa = PBXBuildFile; fileRef = 006D720219952D00008149E2 /* AVFoundation.framework */; };
		006D720519952D00008149E2 /* CoreMedia.framework in Frameworks */ = {isa = PBXBuildFile; fileRef = 006D720319952D00008149E2 /* CoreMedia.framework */; };
		0091D8F90E81B9330029341E /* OpenGL.framework in Frameworks */ = {isa = PBXBuildFile; fileRef = 0091D8F80E81B9330029341E /* OpenGL.framework */; };
		00B784B30FF439BC000DE1D7 /* Accelerate.framework in Frameworks */ = {isa = PBXBuildFile; fileRef = 00B784AF0FF439BC000DE1D7 /* Accelerate.framework */; };
		00B784B40FF439BC000DE1D7 /* AudioToolbox.framework in Frameworks */ = {isa = PBXBuildFile; fileRef = 00B784B00FF439BC000DE1D7 /* AudioToolbox.framework */; };
		00B784B50FF439BC000DE1D7 /* AudioUnit.framework in Frameworks */ = {isa = PBXBuildFile; fileRef = 00B784B10FF439BC000DE1D7 /* AudioUnit.framework */; };
		00B784B60FF439BC000DE1D7 /* CoreAudio.framework in Frameworks */ = {isa = PBXBuildFile; fileRef = 00B784B20FF439BC000DE1D7 /* CoreAudio.framework */; };
		00B9955A1B128DF400A5C623 /* IOKit.framework in Frameworks */ = {isa = PBXBuildFile; fileRef = 00B995581B128DF400A5C623 /* IOKit.framework */; };
		00B9955B1B128DF400A5C623 /* IOSurface.framework in Frameworks */ = {isa = PBXBuildFile; fileRef = 00B995591B128DF400A5C623 /* IOSurface.framework */; };
		4433F3A11B93B846002EDBC3 /* assets in Resources */ = {isa = PBXBuildFile; fileRef = 4433F3A01B93B846002EDBC3 /* assets */; };
		4433F3B31B93DB5A002EDBC3 /* CCL_MocapData.cpp in Sources */ = {isa = PBXBuildFile; fileRef = 4433F3AB1B93DB5A002EDBC3 /* CCL_MocapData.cpp */; };
		4433F3B41B93DB5A002EDBC3 /* CCL_MocapJoint.cpp in Sources */ = {isa = PBXBuildFile; fileRef = 4433F3AD1B93DB5A002EDBC3 /* CCL_MocapJoint.cpp */; };
		4433F3B51B93DB5A002EDBC3 /* Jzon.cpp in Sources */ = {isa = PBXBuildFile; fileRef = 4433F3AF1B93DB5A002EDBC3 /* Jzon.cpp */; };
		4433F3B61B93DB5A002EDBC3 /* Skeleton.cpp in Sources */ = {isa = PBXBuildFile; fileRef = 4433F3B11B93DB5A002EDBC3 /* Skeleton.cpp */; };
		4433F3BF1B93DB7F002EDBC3 /* skeletonParse.cpp in Sources */ = {isa = PBXBuildFile; fileRef = 4433F3BB1B93DB7F002EDBC3 /* skeletonParse.cpp */; };
		4433F3C81B93EF63002EDBC3 /* Node.cpp in Sources */ = {isa = PBXBuildFile; fileRef = 4433F3C31B93EF63002EDBC3 /* Node.cpp */; };
		4433F3C91B93EF63002EDBC3 /* Spring.cpp in Sources */ = {isa = PBXBuildFile; fileRef = 4433F3C51B93EF63002EDBC3 /* Spring.cpp */; };
		4433F3CC1B94161D002EDBC3 /* PhysicsJoint.cpp in Sources */ = {isa = PBXBuildFile; fileRef = 4433F3CA1B94161D002EDBC3 /* PhysicsJoint.cpp */; };
		4433F3CE1B941C88002EDBC3 /* Cinder-ImGui in Resources */ = {isa = PBXBuildFile; fileRef = 4433F3CD1B941C88002EDBC3 /* Cinder-ImGui */; };
		4433F3D71B942002002EDBC3 /* CinderImGui.cpp in Sources */ = {isa = PBXBuildFile; fileRef = 4433F3D61B942002002EDBC3 /* CinderImGui.cpp */; };
		4433F3DB1B94201C002EDBC3 /* imgui_demo.cpp in Sources */ = {isa = PBXBuildFile; fileRef = 4433F3D81B94201C002EDBC3 /* imgui_demo.cpp */; };
		4433F3DC1B94201C002EDBC3 /* imgui_draw.cpp in Sources */ = {isa = PBXBuildFile; fileRef = 4433F3D91B94201C002EDBC3 /* imgui_draw.cpp */; };
		4433F3DD1B94201C002EDBC3 /* imgui.cpp in Sources */ = {isa = PBXBuildFile; fileRef = 4433F3DA1B94201C002EDBC3 /* imgui.cpp */; };
		4482A07F0E814921915A86CE /* CCLfixedApp.cpp in Sources */ = {isa = PBXBuildFile; fileRef = FF1A95A204E641C0A0C1C03D /* CCLfixedApp.cpp */; };
		5323E6B20EAFCA74003A9687 /* CoreVideo.framework in Frameworks */ = {isa = PBXBuildFile; fileRef = 5323E6B10EAFCA74003A9687 /* CoreVideo.framework */; };
		8D11072F0486CEB800E47090 /* Cocoa.framework in Frameworks */ = {isa = PBXBuildFile; fileRef = 1058C7A1FEA54F0111CA2CBB /* Cocoa.framework */; };
		EE55C0DBC2F4461B84F067DD /* CinderApp.icns in Resources */ = {isa = PBXBuildFile; fileRef = EE2A209E0E9545B7915A6AB1 /* CinderApp.icns */; };
/* End PBXBuildFile section */

/* Begin PBXFileReference section */
		006D720219952D00008149E2 /* AVFoundation.framework */ = {isa = PBXFileReference; lastKnownFileType = wrapper.framework; name = AVFoundation.framework; path = System/Library/Frameworks/AVFoundation.framework; sourceTree = SDKROOT; };
		006D720319952D00008149E2 /* CoreMedia.framework */ = {isa = PBXFileReference; lastKnownFileType = wrapper.framework; name = CoreMedia.framework; path = System/Library/Frameworks/CoreMedia.framework; sourceTree = SDKROOT; };
		0091D8F80E81B9330029341E /* OpenGL.framework */ = {isa = PBXFileReference; lastKnownFileType = wrapper.framework; name = OpenGL.framework; path = /System/Library/Frameworks/OpenGL.framework; sourceTree = "<absolute>"; };
		00B784AF0FF439BC000DE1D7 /* Accelerate.framework */ = {isa = PBXFileReference; lastKnownFileType = wrapper.framework; name = Accelerate.framework; path = System/Library/Frameworks/Accelerate.framework; sourceTree = SDKROOT; };
		00B784B00FF439BC000DE1D7 /* AudioToolbox.framework */ = {isa = PBXFileReference; lastKnownFileType = wrapper.framework; name = AudioToolbox.framework; path = System/Library/Frameworks/AudioToolbox.framework; sourceTree = SDKROOT; };
		00B784B10FF439BC000DE1D7 /* AudioUnit.framework */ = {isa = PBXFileReference; lastKnownFileType = wrapper.framework; name = AudioUnit.framework; path = System/Library/Frameworks/AudioUnit.framework; sourceTree = SDKROOT; };
		00B784B20FF439BC000DE1D7 /* CoreAudio.framework */ = {isa = PBXFileReference; lastKnownFileType = wrapper.framework; name = CoreAudio.framework; path = System/Library/Frameworks/CoreAudio.framework; sourceTree = SDKROOT; };
		00B995581B128DF400A5C623 /* IOKit.framework */ = {isa = PBXFileReference; lastKnownFileType = wrapper.framework; name = IOKit.framework; path = System/Library/Frameworks/IOKit.framework; sourceTree = SDKROOT; };
		00B995591B128DF400A5C623 /* IOSurface.framework */ = {isa = PBXFileReference; lastKnownFileType = wrapper.framework; name = IOSurface.framework; path = System/Library/Frameworks/IOSurface.framework; sourceTree = SDKROOT; };
		0BE97002FA5041A68D58EA92 /* Info.plist */ = {isa = PBXFileReference; lastKnownFileType = text.plist.xml; path = Info.plist; sourceTree = "<group>"; };
		1058C7A1FEA54F0111CA2CBB /* Cocoa.framework */ = {isa = PBXFileReference; lastKnownFileType = wrapper.framework; name = Cocoa.framework; path = /System/Library/Frameworks/Cocoa.framework; sourceTree = "<absolute>"; };
		29B97324FDCFA39411CA2CEA /* AppKit.framework */ = {isa = PBXFileReference; lastKnownFileType = wrapper.framework; name = AppKit.framework; path = /System/Library/Frameworks/AppKit.framework; sourceTree = "<absolute>"; };
		29B97325FDCFA39411CA2CEA /* Foundation.framework */ = {isa = PBXFileReference; lastKnownFileType = wrapper.framework; name = Foundation.framework; path = /System/Library/Frameworks/Foundation.framework; sourceTree = "<absolute>"; };
		4433F3A01B93B846002EDBC3 /* assets */ = {isa = PBXFileReference; lastKnownFileType = folder; name = assets; path = ../assets; sourceTree = "<group>"; };
		4433F3AB1B93DB5A002EDBC3 /* CCL_MocapData.cpp */ = {isa = PBXFileReference; fileEncoding = 4; lastKnownFileType = sourcecode.cpp.cpp; path = CCL_MocapData.cpp; sourceTree = "<group>"; };
		4433F3AC1B93DB5A002EDBC3 /* CCL_MocapData.h */ = {isa = PBXFileReference; fileEncoding = 4; lastKnownFileType = sourcecode.c.h; path = CCL_MocapData.h; sourceTree = "<group>"; };
		4433F3AD1B93DB5A002EDBC3 /* CCL_MocapJoint.cpp */ = {isa = PBXFileReference; fileEncoding = 4; lastKnownFileType = sourcecode.cpp.cpp; path = CCL_MocapJoint.cpp; sourceTree = "<group>"; };
		4433F3AE1B93DB5A002EDBC3 /* CCL_MocapJoint.h */ = {isa = PBXFileReference; fileEncoding = 4; lastKnownFileType = sourcecode.c.h; path = CCL_MocapJoint.h; sourceTree = "<group>"; };
		4433F3AF1B93DB5A002EDBC3 /* Jzon.cpp */ = {isa = PBXFileReference; fileEncoding = 4; lastKnownFileType = sourcecode.cpp.cpp; path = Jzon.cpp; sourceTree = "<group>"; };
		4433F3B01B93DB5A002EDBC3 /* Jzon.h */ = {isa = PBXFileReference; fileEncoding = 4; lastKnownFileType = sourcecode.c.h; path = Jzon.h; sourceTree = "<group>"; };
		4433F3B11B93DB5A002EDBC3 /* Skeleton.cpp */ = {isa = PBXFileReference; fileEncoding = 4; lastKnownFileType = sourcecode.cpp.cpp; path = Skeleton.cpp; sourceTree = "<group>"; };
		4433F3B21B93DB5A002EDBC3 /* Skeleton.h */ = {isa = PBXFileReference; fileEncoding = 4; lastKnownFileType = sourcecode.c.h; path = Skeleton.h; sourceTree = "<group>"; };
		4433F3BB1B93DB7F002EDBC3 /* skeletonParse.cpp */ = {isa = PBXFileReference; fileEncoding = 4; lastKnownFileType = sourcecode.cpp.cpp; path = skeletonParse.cpp; sourceTree = "<group>"; };
		4433F3C31B93EF63002EDBC3 /* Node.cpp */ = {isa = PBXFileReference; fileEncoding = 4; lastKnownFileType = sourcecode.cpp.cpp; path = Node.cpp; sourceTree = "<group>"; };
		4433F3C41B93EF63002EDBC3 /* Node.h */ = {isa = PBXFileReference; fileEncoding = 4; lastKnownFileType = sourcecode.c.h; path = Node.h; sourceTree = "<group>"; };
		4433F3C51B93EF63002EDBC3 /* Spring.cpp */ = {isa = PBXFileReference; fileEncoding = 4; lastKnownFileType = sourcecode.cpp.cpp; path = Spring.cpp; sourceTree = "<group>"; };
		4433F3C61B93EF63002EDBC3 /* Spring.h */ = {isa = PBXFileReference; fileEncoding = 4; lastKnownFileType = sourcecode.c.h; path = Spring.h; sourceTree = "<group>"; };
		4433F3CA1B94161D002EDBC3 /* PhysicsJoint.cpp */ = {isa = PBXFileReference; fileEncoding = 4; lastKnownFileType = sourcecode.cpp.cpp; path = PhysicsJoint.cpp; sourceTree = "<group>"; };
		4433F3CB1B94161D002EDBC3 /* PhysicsJoint.h */ = {isa = PBXFileReference; fileEncoding = 4; lastKnownFileType = sourcecode.c.h; path = PhysicsJoint.h; sourceTree = "<group>"; };
		4433F3CD1B941C88002EDBC3 /* Cinder-ImGui */ = {isa = PBXFileReference; lastKnownFileType = folder; path = "Cinder-ImGui"; sourceTree = "<group>"; };
		4433F3D01B941FE9002EDBC3 /* imgui_demo.cpp */ = {isa = PBXFileReference; lastKnownFileType = sourcecode.cpp.cpp; path = imgui_demo.cpp; sourceTree = "<group>"; };
		4433F3D11B941FE9002EDBC3 /* imgui_draw.cpp */ = {isa = PBXFileReference; lastKnownFileType = sourcecode.cpp.cpp; path = imgui_draw.cpp; sourceTree = "<group>"; };
		4433F3D21B941FE9002EDBC3 /* imgui.cpp */ = {isa = PBXFileReference; lastKnownFileType = sourcecode.cpp.cpp; path = imgui.cpp; sourceTree = "<group>"; };
		4433F3D61B942002002EDBC3 /* CinderImGui.cpp */ = {isa = PBXFileReference; lastKnownFileType = sourcecode.cpp.cpp; name = CinderImGui.cpp; path = "../../../Cinder/blocks/Cinder-ImGui/src/CinderImGui.cpp"; sourceTree = "<group>"; };
		4433F3D81B94201C002EDBC3 /* imgui_demo.cpp */ = {isa = PBXFileReference; lastKnownFileType = sourcecode.cpp.cpp; name = imgui_demo.cpp; path = "../../../Cinder/blocks/Cinder-ImGui/lib/imgui/imgui_demo.cpp"; sourceTree = "<group>"; };
		4433F3D91B94201C002EDBC3 /* imgui_draw.cpp */ = {isa = PBXFileReference; lastKnownFileType = sourcecode.cpp.cpp; name = imgui_draw.cpp; path = "../../../Cinder/blocks/Cinder-ImGui/lib/imgui/imgui_draw.cpp"; sourceTree = "<group>"; };
		4433F3DA1B94201C002EDBC3 /* imgui.cpp */ = {isa = PBXFileReference; lastKnownFileType = sourcecode.cpp.cpp; name = imgui.cpp; path = "../../../Cinder/blocks/Cinder-ImGui/lib/imgui/imgui.cpp"; sourceTree = "<group>"; };
		5323E6B10EAFCA74003A9687 /* CoreVideo.framework */ = {isa = PBXFileReference; lastKnownFileType = wrapper.framework; name = CoreVideo.framework; path = /System/Library/Frameworks/CoreVideo.framework; sourceTree = "<absolute>"; };
		8D1107320486CEB800E47090 /* CCLfixed.app */ = {isa = PBXFileReference; explicitFileType = wrapper.application; includeInIndex = 0; path = CCLfixed.app; sourceTree = BUILT_PRODUCTS_DIR; };
		DA20F93460D1474A90C443BA /* CCLfixed_Prefix.pch */ = {isa = PBXFileReference; lastKnownFileType = "\"\""; path = CCLfixed_Prefix.pch; sourceTree = "<group>"; };
		EE2A209E0E9545B7915A6AB1 /* CinderApp.icns */ = {isa = PBXFileReference; lastKnownFileType = image.icns; name = CinderApp.icns; path = ../resources/CinderApp.icns; sourceTree = "<group>"; };
		FF1A95A204E641C0A0C1C03D /* CCLfixedApp.cpp */ = {isa = PBXFileReference; lastKnownFileType = sourcecode.c.cpp; name = CCLfixedApp.cpp; path = ../src/CCLfixedApp.cpp; sourceTree = "<group>"; };
/* End PBXFileReference section */

/* Begin PBXFrameworksBuildPhase section */
		8D11072E0486CEB800E47090 /* Frameworks */ = {
			isa = PBXFrameworksBuildPhase;
			buildActionMask = 2147483647;
			files = (
				006D720419952D00008149E2 /* AVFoundation.framework in Frameworks */,
				006D720519952D00008149E2 /* CoreMedia.framework in Frameworks */,
				8D11072F0486CEB800E47090 /* Cocoa.framework in Frameworks */,
				0091D8F90E81B9330029341E /* OpenGL.framework in Frameworks */,
				5323E6B20EAFCA74003A9687 /* CoreVideo.framework in Frameworks */,
				00B784B30FF439BC000DE1D7 /* Accelerate.framework in Frameworks */,
				00B784B40FF439BC000DE1D7 /* AudioToolbox.framework in Frameworks */,
				00B784B50FF439BC000DE1D7 /* AudioUnit.framework in Frameworks */,
				00B784B60FF439BC000DE1D7 /* CoreAudio.framework in Frameworks */,
				00B9955A1B128DF400A5C623 /* IOKit.framework in Frameworks */,
				00B9955B1B128DF400A5C623 /* IOSurface.framework in Frameworks */,
			);
			runOnlyForDeploymentPostprocessing = 0;
		};
/* End PBXFrameworksBuildPhase section */

/* Begin PBXGroup section */
		01B97315FEAEA392516A2CEA /* Blocks */ = {
			isa = PBXGroup;
			children = (
				4433F3CD1B941C88002EDBC3 /* Cinder-ImGui */,
			);
			name = Blocks;
			sourceTree = "<group>";
		};
		080E96DDFE201D6D7F000001 /* Source */ = {
			isa = PBXGroup;
			children = (
				FF1A95A204E641C0A0C1C03D /* CCLfixedApp.cpp */,
				4433F3B11B93DB5A002EDBC3 /* Skeleton.cpp */,
				4433F3CA1B94161D002EDBC3 /* PhysicsJoint.cpp */,
				4433F3C31B93EF63002EDBC3 /* Node.cpp */,
				4433F3C51B93EF63002EDBC3 /* Spring.cpp */,
				4433F3C01B93DEE9002EDBC3 /* data handlers */,
			);
			name = Source;
			sourceTree = "<group>";
		};
		1058C7A0FEA54F0111CA2CBB /* Linked Frameworks */ = {
			isa = PBXGroup;
			children = (
				006D720219952D00008149E2 /* AVFoundation.framework */,
				006D720319952D00008149E2 /* CoreMedia.framework */,
				00B784AF0FF439BC000DE1D7 /* Accelerate.framework */,
				00B784B00FF439BC000DE1D7 /* AudioToolbox.framework */,
				00B784B10FF439BC000DE1D7 /* AudioUnit.framework */,
				00B784B20FF439BC000DE1D7 /* CoreAudio.framework */,
				5323E6B10EAFCA74003A9687 /* CoreVideo.framework */,
				0091D8F80E81B9330029341E /* OpenGL.framework */,
				1058C7A1FEA54F0111CA2CBB /* Cocoa.framework */,
				00B995581B128DF400A5C623 /* IOKit.framework */,
				00B995591B128DF400A5C623 /* IOSurface.framework */,
			);
			name = "Linked Frameworks";
			sourceTree = "<group>";
		};
		1058C7A2FEA54F0111CA2CBB /* Other Frameworks */ = {
			isa = PBXGroup;
			children = (
				29B97324FDCFA39411CA2CEA /* AppKit.framework */,
				29B97325FDCFA39411CA2CEA /* Foundation.framework */,
			);
			name = "Other Frameworks";
			sourceTree = "<group>";
		};
		19C28FACFE9D520D11CA2CBB /* Products */ = {
			isa = PBXGroup;
			children = (
				8D1107320486CEB800E47090 /* CCLfixed.app */,
			);
			name = Products;
			sourceTree = "<group>";
		};
		29B97314FDCFA39411CA2CEA /* CCLfixed */ = {
			isa = PBXGroup;
			children = (
				4433F3D81B94201C002EDBC3 /* imgui_demo.cpp */,
				4433F3D91B94201C002EDBC3 /* imgui_draw.cpp */,
				4433F3DA1B94201C002EDBC3 /* imgui.cpp */,
				4433F3D61B942002002EDBC3 /* CinderImGui.cpp */,
				4433F3D01B941FE9002EDBC3 /* imgui_demo.cpp */,
				4433F3D11B941FE9002EDBC3 /* imgui_draw.cpp */,
				4433F3D21B941FE9002EDBC3 /* imgui.cpp */,
				4433F3A01B93B846002EDBC3 /* assets */,
				01B97315FEAEA392516A2CEA /* Blocks */,
				29B97315FDCFA39411CA2CEA /* Headers */,
				080E96DDFE201D6D7F000001 /* Source */,
				29B97317FDCFA39411CA2CEA /* Resources */,
				29B97323FDCFA39411CA2CEA /* Frameworks */,
				19C28FACFE9D520D11CA2CBB /* Products */,
			);
			name = CCLfixed;
			sourceTree = "<group>";
		};
		29B97315FDCFA39411CA2CEA /* Headers */ = {
			isa = PBXGroup;
			children = (
				4433F3AC1B93DB5A002EDBC3 /* CCL_MocapData.h */,
				4433F3AE1B93DB5A002EDBC3 /* CCL_MocapJoint.h */,
				4433F3B01B93DB5A002EDBC3 /* Jzon.h */,
				4433F3CB1B94161D002EDBC3 /* PhysicsJoint.h */,
				4433F3B21B93DB5A002EDBC3 /* Skeleton.h */,
				4433F3C41B93EF63002EDBC3 /* Node.h */,
				4433F3C61B93EF63002EDBC3 /* Spring.h */,
				DA20F93460D1474A90C443BA /* CCLfixed_Prefix.pch */,
			);
			name = Headers;
			sourceTree = "<group>";
		};
		29B97317FDCFA39411CA2CEA /* Resources */ = {
			isa = PBXGroup;
			children = (
				EE2A209E0E9545B7915A6AB1 /* CinderApp.icns */,
				0BE97002FA5041A68D58EA92 /* Info.plist */,
			);
			name = Resources;
			sourceTree = "<group>";
		};
		29B97323FDCFA39411CA2CEA /* Frameworks */ = {
			isa = PBXGroup;
			children = (
				1058C7A0FEA54F0111CA2CBB /* Linked Frameworks */,
				1058C7A2FEA54F0111CA2CBB /* Other Frameworks */,
			);
			name = Frameworks;
			sourceTree = "<group>";
		};
		4433F3C01B93DEE9002EDBC3 /* data handlers */ = {
			isa = PBXGroup;
			children = (
				4433F3BB1B93DB7F002EDBC3 /* skeletonParse.cpp */,
				4433F3AF1B93DB5A002EDBC3 /* Jzon.cpp */,
				4433F3AB1B93DB5A002EDBC3 /* CCL_MocapData.cpp */,
				4433F3AD1B93DB5A002EDBC3 /* CCL_MocapJoint.cpp */,
			);
			name = "data handlers";
			sourceTree = "<group>";
		};
/* End PBXGroup section */

/* Begin PBXNativeTarget section */
		8D1107260486CEB800E47090 /* CCLfixed */ = {
			isa = PBXNativeTarget;
			buildConfigurationList = C01FCF4A08A954540054247B /* Build configuration list for PBXNativeTarget "CCLfixed" */;
			buildPhases = (
				8D1107290486CEB800E47090 /* Resources */,
				8D11072C0486CEB800E47090 /* Sources */,
				8D11072E0486CEB800E47090 /* Frameworks */,
			);
			buildRules = (
			);
			dependencies = (
			);
			name = CCLfixed;
			productInstallPath = "$(HOME)/Applications";
			productName = CCLfixed;
			productReference = 8D1107320486CEB800E47090 /* CCLfixed.app */;
			productType = "com.apple.product-type.application";
		};
/* End PBXNativeTarget section */

/* Begin PBXProject section */
		29B97313FDCFA39411CA2CEA /* Project object */ = {
			isa = PBXProject;
			attributes = {
			};
			buildConfigurationList = C01FCF4E08A954540054247B /* Build configuration list for PBXProject "CCLfixed" */;
			compatibilityVersion = "Xcode 3.2";
			developmentRegion = English;
			hasScannedForEncodings = 1;
			knownRegions = (
				English,
				Japanese,
				French,
				German,
			);
			mainGroup = 29B97314FDCFA39411CA2CEA /* CCLfixed */;
			projectDirPath = "";
			projectRoot = "";
			targets = (
				8D1107260486CEB800E47090 /* CCLfixed */,
			);
		};
/* End PBXProject section */

/* Begin PBXResourcesBuildPhase section */
		8D1107290486CEB800E47090 /* Resources */ = {
			isa = PBXResourcesBuildPhase;
			buildActionMask = 2147483647;
			files = (
				EE55C0DBC2F4461B84F067DD /* CinderApp.icns in Resources */,
				4433F3A11B93B846002EDBC3 /* assets in Resources */,
				4433F3CE1B941C88002EDBC3 /* Cinder-ImGui in Resources */,
			);
			runOnlyForDeploymentPostprocessing = 0;
		};
/* End PBXResourcesBuildPhase section */

/* Begin PBXSourcesBuildPhase section */
		8D11072C0486CEB800E47090 /* Sources */ = {
			isa = PBXSourcesBuildPhase;
			buildActionMask = 2147483647;
			files = (
				4433F3DB1B94201C002EDBC3 /* imgui_demo.cpp in Sources */,
				4433F3DC1B94201C002EDBC3 /* imgui_draw.cpp in Sources */,
				4433F3DD1B94201C002EDBC3 /* imgui.cpp in Sources */,
				4433F3D71B942002002EDBC3 /* CinderImGui.cpp in Sources */,
				4482A07F0E814921915A86CE /* CCLfixedApp.cpp in Sources */,
				4433F3CC1B94161D002EDBC3 /* PhysicsJoint.cpp in Sources */,
				4433F3B61B93DB5A002EDBC3 /* Skeleton.cpp in Sources */,
				4433F3BF1B93DB7F002EDBC3 /* skeletonParse.cpp in Sources */,
				4433F3C91B93EF63002EDBC3 /* Spring.cpp in Sources */,
				4433F3B31B93DB5A002EDBC3 /* CCL_MocapData.cpp in Sources */,
				4433F3B51B93DB5A002EDBC3 /* Jzon.cpp in Sources */,
				4433F3B41B93DB5A002EDBC3 /* CCL_MocapJoint.cpp in Sources */,
				4433F3C81B93EF63002EDBC3 /* Node.cpp in Sources */,
			);
			runOnlyForDeploymentPostprocessing = 0;
		};
/* End PBXSourcesBuildPhase section */

/* Begin XCBuildConfiguration section */
		C01FCF4B08A954540054247B /* Debug */ = {
			isa = XCBuildConfiguration;
			buildSettings = {
				COMBINE_HIDPI_IMAGES = YES;
				COPY_PHASE_STRIP = NO;
				DEAD_CODE_STRIPPING = YES;
				GCC_DYNAMIC_NO_PIC = NO;
				GCC_INLINES_ARE_PRIVATE_EXTERN = YES;
				GCC_OPTIMIZATION_LEVEL = 0;
				GCC_PRECOMPILE_PREFIX_HEADER = YES;
				GCC_PREFIX_HEADER = CCLfixed_Prefix.pch;
				GCC_PREPROCESSOR_DEFINITIONS = (
					"DEBUG=1",
					"$(inherited)",
				);
				GCC_SYMBOLS_PRIVATE_EXTERN = NO;
				INFOPLIST_FILE = Info.plist;
				INSTALL_PATH = "$(HOME)/Applications";
				OTHER_LDFLAGS = "\"$(CINDER_PATH)/lib/libcinder_d.a\"";
				PRODUCT_BUNDLE_IDENTIFIER = "org.libcinder.${PRODUCT_NAME:rfc1034identifier}";
				PRODUCT_NAME = CCLfixed;
				SYMROOT = ./build;
				USER_HEADER_SEARCH_PATHS = "\"$(CINDER_PATH)/include\" ../include \"$(CINDER_PATH)/blocks/Cinder-ImGui/lib\" \"$(CINDER_PATH)/blocks/Cinder-ImGui/include\" /Users/Craig/Documents/cinder_glNext090/Cinder/blocks/Cinder-ImGui/lib/imgui";
				WRAPPER_EXTENSION = app;
			};
			name = Debug;
		};
		C01FCF4C08A954540054247B /* Release */ = {
			isa = XCBuildConfiguration;
			buildSettings = {
				COMBINE_HIDPI_IMAGES = YES;
				DEAD_CODE_STRIPPING = YES;
				DEBUG_INFORMATION_FORMAT = "dwarf-with-dsym";
				GCC_FAST_MATH = YES;
				GCC_GENERATE_DEBUGGING_SYMBOLS = NO;
				GCC_INLINES_ARE_PRIVATE_EXTERN = YES;
				GCC_OPTIMIZATION_LEVEL = 3;
				GCC_PRECOMPILE_PREFIX_HEADER = YES;
				GCC_PREFIX_HEADER = CCLfixed_Prefix.pch;
				GCC_PREPROCESSOR_DEFINITIONS = (
					"NDEBUG=1",
					"$(inherited)",
				);
				GCC_SYMBOLS_PRIVATE_EXTERN = NO;
				INFOPLIST_FILE = Info.plist;
				INSTALL_PATH = "$(HOME)/Applications";
				OTHER_LDFLAGS = "\"$(CINDER_PATH)/lib/libcinder.a\"";
				PRODUCT_BUNDLE_IDENTIFIER = "org.libcinder.${PRODUCT_NAME:rfc1034identifier}";
				PRODUCT_NAME = CCLfixed;
				STRIP_INSTALLED_PRODUCT = YES;
				SYMROOT = ./build;
				USER_HEADER_SEARCH_PATHS = "\"$(CINDER_PATH)/include\" ../include \"$(CINDER_PATH)/blocks/Cinder-ImGui/lib\" \"$(CINDER_PATH)/blocks/Cinder-ImGui/include\" /Users/Craig/Documents/cinder_glNext090/Cinder/blocks/Cinder-ImGui/lib/imgui";
				WRAPPER_EXTENSION = app;
			};
			name = Release;
		};
		C01FCF4F08A954540054247B /* Debug */ = {
			isa = XCBuildConfiguration;
			buildSettings = {
				ALWAYS_SEARCH_USER_PATHS = NO;
				CINDER_PATH = ../../../Cinder;
				CLANG_CXX_LANGUAGE_STANDARD = "c++14";
				CLANG_CXX_LIBRARY = "libc++";
				ENABLE_TESTABILITY = YES;
				GCC_WARN_ABOUT_RETURN_TYPE = YES;
				GCC_WARN_UNUSED_VARIABLE = YES;
				HEADER_SEARCH_PATHS = "\"$(CINDER_PATH)/include\"";
				MACOSX_DEPLOYMENT_TARGET = 10.8;
				ONLY_ACTIVE_ARCH = YES;
				SDKROOT = macosx;
				USER_HEADER_SEARCH_PATHS = "\"$(CINDER_PATH)/include\" ../include";
			};
			name = Debug;
		};
		C01FCF5008A954540054247B /* Release */ = {
			isa = XCBuildConfiguration;
			buildSettings = {
				ALWAYS_SEARCH_USER_PATHS = NO;
				CINDER_PATH = ../../../Cinder;
				CLANG_CXX_LANGUAGE_STANDARD = "c++14";
				CLANG_CXX_LIBRARY = "libc++";
				GCC_WARN_ABOUT_RETURN_TYPE = YES;
				GCC_WARN_UNUSED_VARIABLE = YES;
				HEADER_SEARCH_PATHS = "\"$(CINDER_PATH)/include\"";
				MACOSX_DEPLOYMENT_TARGET = 10.8;
				SDKROOT = macosx;
				USER_HEADER_SEARCH_PATHS = "\"$(CINDER_PATH)/include\" ../include";
			};
			name = Release;
		};
/* End XCBuildConfiguration section */

/* Begin XCConfigurationList section */
		C01FCF4A08A954540054247B /* Build configuration list for PBXNativeTarget "CCLfixed" */ = {
			isa = XCConfigurationList;
			buildConfigurations = (
				C01FCF4B08A954540054247B /* Debug */,
				C01FCF4C08A954540054247B /* Release */,
			);
			defaultConfigurationIsVisible = 0;
			defaultConfigurationName = Release;
		};
		C01FCF4E08A954540054247B /* Build configuration list for PBXProject "CCLfixed" */ = {
			isa = XCConfigurationList;
			buildConfigurations = (
				C01FCF4F08A954540054247B /* Debug */,
				C01FCF5008A954540054247B /* Release */,
			);
			defaultConfigurationIsVisible = 0;
			defaultConfigurationName = Release;
		};
/* End XCConfigurationList section */
	};
	rootObject = 29B97313FDCFA39411CA2CEA /* Project object */;
}
